// !$*UTF8*$!
{
	archiveVersion = 1;
	classes = {
	};
	objectVersion = 46;
	objects = {

/* Begin PBXBuildFile section */
		9B7B2FFE1DC6C2F600A5CA2E /* AlgorithmsViewController.swift in Sources */ = {isa = PBXBuildFile; fileRef = 9B7B2FFD1DC6C2F600A5CA2E /* AlgorithmsViewController.swift */; };
		9B7B30001DC6C31100A5CA2E /* InterviewViewController.swift in Sources */ = {isa = PBXBuildFile; fileRef = 9B7B2FFF1DC6C31100A5CA2E /* InterviewViewController.swift */; };
		9BED6A3E1DC545430096354C /* AppDelegate.swift in Sources */ = {isa = PBXBuildFile; fileRef = 9BED6A3D1DC545430096354C /* AppDelegate.swift */; };
		9BED6A401DC545430096354C /* ViewController.swift in Sources */ = {isa = PBXBuildFile; fileRef = 9BED6A3F1DC545430096354C /* ViewController.swift */; };
		9BED6A431DC545430096354C /* Main.storyboard in Resources */ = {isa = PBXBuildFile; fileRef = 9BED6A411DC545430096354C /* Main.storyboard */; };
		9BED6A451DC545430096354C /* Assets.xcassets in Resources */ = {isa = PBXBuildFile; fileRef = 9BED6A441DC545430096354C /* Assets.xcassets */; };
		9BED6A481DC545430096354C /* LaunchScreen.storyboard in Resources */ = {isa = PBXBuildFile; fileRef = 9BED6A461DC545430096354C /* LaunchScreen.storyboard */; };
		9BED6A501DC54A5B0096354C /* SwiftConceptsViewController.swift in Sources */ = {isa = PBXBuildFile; fileRef = 9BED6A4F1DC54A5B0096354C /* SwiftConceptsViewController.swift */; };
		9BED6A521DC563360096354C /* DetailConceptsViewController.swift in Sources */ = {isa = PBXBuildFile; fileRef = 9BED6A511DC563360096354C /* DetailConceptsViewController.swift */; };
		9BED6A561DC5A2C40096354C /* Quiz.swift in Sources */ = {isa = PBXBuildFile; fileRef = 9BED6A551DC5A2C40096354C /* Quiz.swift */; };
		9BED6A581DC688580096354C /* MethodsViewController.swift in Sources */ = {isa = PBXBuildFile; fileRef = 9BED6A571DC688580096354C /* MethodsViewController.swift */; };
/* End PBXBuildFile section */

/* Begin PBXFileReference section */
		9B7B2FFD1DC6C2F600A5CA2E /* AlgorithmsViewController.swift */ = {isa = PBXFileReference; fileEncoding = 4; lastKnownFileType = sourcecode.swift; path = AlgorithmsViewController.swift; sourceTree = "<group>"; };
		9B7B2FFF1DC6C31100A5CA2E /* InterviewViewController.swift */ = {isa = PBXFileReference; fileEncoding = 4; lastKnownFileType = sourcecode.swift; path = InterviewViewController.swift; sourceTree = "<group>"; };
		9BED6A3A1DC545430096354C /* Zappy Cards.app */ = {isa = PBXFileReference; explicitFileType = wrapper.application; includeInIndex = 0; path = "Zappy Cards.app"; sourceTree = BUILT_PRODUCTS_DIR; };
		9BED6A3D1DC545430096354C /* AppDelegate.swift */ = {isa = PBXFileReference; lastKnownFileType = sourcecode.swift; path = AppDelegate.swift; sourceTree = "<group>"; };
		9BED6A3F1DC545430096354C /* ViewController.swift */ = {isa = PBXFileReference; lastKnownFileType = sourcecode.swift; path = ViewController.swift; sourceTree = "<group>"; };
		9BED6A421DC545430096354C /* Base */ = {isa = PBXFileReference; lastKnownFileType = file.storyboard; name = Base; path = Base.lproj/Main.storyboard; sourceTree = "<group>"; };
		9BED6A441DC545430096354C /* Assets.xcassets */ = {isa = PBXFileReference; lastKnownFileType = folder.assetcatalog; path = Assets.xcassets; sourceTree = "<group>"; };
		9BED6A471DC545430096354C /* Base */ = {isa = PBXFileReference; lastKnownFileType = file.storyboard; name = Base; path = Base.lproj/LaunchScreen.storyboard; sourceTree = "<group>"; };
		9BED6A491DC545430096354C /* Info.plist */ = {isa = PBXFileReference; lastKnownFileType = text.plist.xml; path = Info.plist; sourceTree = "<group>"; };
		9BED6A4F1DC54A5B0096354C /* SwiftConceptsViewController.swift */ = {isa = PBXFileReference; fileEncoding = 4; lastKnownFileType = sourcecode.swift; path = SwiftConceptsViewController.swift; sourceTree = "<group>"; };
		9BED6A511DC563360096354C /* DetailConceptsViewController.swift */ = {isa = PBXFileReference; fileEncoding = 4; lastKnownFileType = sourcecode.swift; path = DetailConceptsViewController.swift; sourceTree = "<group>"; };
		9BED6A551DC5A2C40096354C /* Quiz.swift */ = {isa = PBXFileReference; fileEncoding = 4; lastKnownFileType = sourcecode.swift; path = Quiz.swift; sourceTree = "<group>"; };
		9BED6A571DC688580096354C /* MethodsViewController.swift */ = {isa = PBXFileReference; fileEncoding = 4; lastKnownFileType = sourcecode.swift; path = MethodsViewController.swift; sourceTree = "<group>"; };
/* End PBXFileReference section */

/* Begin PBXFrameworksBuildPhase section */
		9BED6A371DC545430096354C /* Frameworks */ = {
			isa = PBXFrameworksBuildPhase;
			buildActionMask = 2147483647;
			files = (
			);
			runOnlyForDeploymentPostprocessing = 0;
		};
/* End PBXFrameworksBuildPhase section */

/* Begin PBXGroup section */
		9BED6A311DC545420096354C = {
			isa = PBXGroup;
			children = (
				9BED6A551DC5A2C40096354C /* Quiz.swift */,
				9BED6A3C1DC545430096354C /* Zappy Cards */,
				9BED6A3B1DC545430096354C /* Products */,
			);
			sourceTree = "<group>";
		};
		9BED6A3B1DC545430096354C /* Products */ = {
			isa = PBXGroup;
			children = (
				9BED6A3A1DC545430096354C /* Zappy Cards.app */,
			);
			name = Products;
			sourceTree = "<group>";
		};
		9BED6A3C1DC545430096354C /* Zappy Cards */ = {
			isa = PBXGroup;
			children = (
				9BED6A3D1DC545430096354C /* AppDelegate.swift */,
				9BED6A3F1DC545430096354C /* ViewController.swift */,
				9BED6A411DC545430096354C /* Main.storyboard */,
				9B7B2FFF1DC6C31100A5CA2E /* InterviewViewController.swift */,
				9B7B2FFD1DC6C2F600A5CA2E /* AlgorithmsViewController.swift */,
				9BED6A571DC688580096354C /* MethodsViewController.swift */,
				9BED6A511DC563360096354C /* DetailConceptsViewController.swift */,
				9BED6A4F1DC54A5B0096354C /* SwiftConceptsViewController.swift */,
				9BED6A441DC545430096354C /* Assets.xcassets */,
				9BED6A461DC545430096354C /* LaunchScreen.storyboard */,
				9BED6A491DC545430096354C /* Info.plist */,
			);
			path = "Zappy Cards";
			sourceTree = "<group>";
		};
/* End PBXGroup section */

/* Begin PBXNativeTarget section */
		9BED6A391DC545430096354C /* Zappy Cards */ = {
			isa = PBXNativeTarget;
			buildConfigurationList = 9BED6A4C1DC545430096354C /* Build configuration list for PBXNativeTarget "Zappy Cards" */;
			buildPhases = (
				9BED6A361DC545430096354C /* Sources */,
				9BED6A371DC545430096354C /* Frameworks */,
				9BED6A381DC545430096354C /* Resources */,
			);
			buildRules = (
			);
			dependencies = (
			);
			name = "Zappy Cards";
			productName = "Zappy Cards";
			productReference = 9BED6A3A1DC545430096354C /* Zappy Cards.app */;
			productType = "com.apple.product-type.application";
		};
/* End PBXNativeTarget section */

/* Begin PBXProject section */
		9BED6A321DC545420096354C /* Project object */ = {
			isa = PBXProject;
			attributes = {
				LastSwiftUpdateCheck = 0810;
				LastUpgradeCheck = 0810;
				ORGANIZATIONNAME = "ROHIT GUPTA";
				TargetAttributes = {
					9BED6A391DC545430096354C = {
						CreatedOnToolsVersion = 8.1;
						ProvisioningStyle = Automatic;
					};
				};
			};
			buildConfigurationList = 9BED6A351DC545430096354C /* Build configuration list for PBXProject "Zappy Cards" */;
			compatibilityVersion = "Xcode 3.2";
			developmentRegion = English;
			hasScannedForEncodings = 0;
			knownRegions = (
				en,
				Base,
			);
			mainGroup = 9BED6A311DC545420096354C;
			productRefGroup = 9BED6A3B1DC545430096354C /* Products */;
			projectDirPath = "";
			projectRoot = "";
			targets = (
				9BED6A391DC545430096354C /* Zappy Cards */,
			);
		};
/* End PBXProject section */

/* Begin PBXResourcesBuildPhase section */
		9BED6A381DC545430096354C /* Resources */ = {
			isa = PBXResourcesBuildPhase;
			buildActionMask = 2147483647;
			files = (
				9BED6A481DC545430096354C /* LaunchScreen.storyboard in Resources */,
				9BED6A451DC545430096354C /* Assets.xcassets in Resources */,
				9BED6A431DC545430096354C /* Main.storyboard in Resources */,
			);
			runOnlyForDeploymentPostprocessing = 0;
		};
/* End PBXResourcesBuildPhase section */

/* Begin PBXSourcesBuildPhase section */
		9BED6A361DC545430096354C /* Sources */ = {
			isa = PBXSourcesBuildPhase;
			buildActionMask = 2147483647;
			files = (
				9BED6A401DC545430096354C /* ViewController.swift in Sources */,
				9B7B2FFE1DC6C2F600A5CA2E /* AlgorithmsViewController.swift in Sources */,
				9BED6A581DC688580096354C /* MethodsViewController.swift in Sources */,
				9BED6A561DC5A2C40096354C /* Quiz.swift in Sources */,
				9B7B30001DC6C31100A5CA2E /* InterviewViewController.swift in Sources */,
				9BED6A3E1DC545430096354C /* AppDelegate.swift in Sources */,
				9BED6A521DC563360096354C /* DetailConceptsViewController.swift in Sources */,
				9BED6A501DC54A5B0096354C /* SwiftConceptsViewController.swift in Sources */,
			);
			runOnlyForDeploymentPostprocessing = 0;
		};
/* End PBXSourcesBuildPhase section */

/* Begin PBXVariantGroup section */
		9BED6A411DC545430096354C /* Main.storyboard */ = {
			isa = PBXVariantGroup;
			children = (
				9BED6A421DC545430096354C /* Base */,
			);
			name = Main.storyboard;
			sourceTree = "<group>";
		};
		9BED6A461DC545430096354C /* LaunchScreen.storyboard */ = {
			isa = PBXVariantGroup;
			children = (
				9BED6A471DC545430096354C /* Base */,
			);
			name = LaunchScreen.storyboard;
			sourceTree = "<group>";
		};
/* End PBXVariantGroup section */

/* Begin XCBuildConfiguration section */
		9BED6A4A1DC545430096354C /* Debug */ = {
			isa = XCBuildConfiguration;
			buildSettings = {
				ALWAYS_SEARCH_USER_PATHS = NO;
				CLANG_ANALYZER_NONNULL = YES;
				CLANG_CXX_LANGUAGE_STANDARD = "gnu++0x";
				CLANG_CXX_LIBRARY = "libc++";
				CLANG_ENABLE_MODULES = YES;
				CLANG_ENABLE_OBJC_ARC = YES;
				CLANG_WARN_BOOL_CONVERSION = YES;
				CLANG_WARN_CONSTANT_CONVERSION = YES;
				CLANG_WARN_DIRECT_OBJC_ISA_USAGE = YES_ERROR;
				CLANG_WARN_DOCUMENTATION_COMMENTS = YES;
				CLANG_WARN_EMPTY_BODY = YES;
				CLANG_WARN_ENUM_CONVERSION = YES;
				CLANG_WARN_INFINITE_RECURSION = YES;
				CLANG_WARN_INT_CONVERSION = YES;
				CLANG_WARN_OBJC_ROOT_CLASS = YES_ERROR;
				CLANG_WARN_SUSPICIOUS_MOVES = YES;
				CLANG_WARN_UNREACHABLE_CODE = YES;
				CLANG_WARN__DUPLICATE_METHOD_MATCH = YES;
				"CODE_SIGN_IDENTITY[sdk=iphoneos*]" = "iPhone Developer";
				COPY_PHASE_STRIP = NO;
				DEBUG_INFORMATION_FORMAT = dwarf;
				ENABLE_STRICT_OBJC_MSGSEND = YES;
				ENABLE_TESTABILITY = YES;
				GCC_C_LANGUAGE_STANDARD = gnu99;
				GCC_DYNAMIC_NO_PIC = NO;
				GCC_NO_COMMON_BLOCKS = YES;
				GCC_OPTIMIZATION_LEVEL = 0;
				GCC_PREPROCESSOR_DEFINITIONS = (
					"DEBUG=1",
					"$(inherited)",
				);
				GCC_WARN_64_TO_32_BIT_CONVERSION = YES;
				GCC_WARN_ABOUT_RETURN_TYPE = YES_ERROR;
				GCC_WARN_UNDECLARED_SELECTOR = YES;
				GCC_WARN_UNINITIALIZED_AUTOS = YES_AGGRESSIVE;
				GCC_WARN_UNUSED_FUNCTION = YES;
				GCC_WARN_UNUSED_VARIABLE = YES;
				IPHONEOS_DEPLOYMENT_TARGET = 10.1;
				MTL_ENABLE_DEBUG_INFO = YES;
				ONLY_ACTIVE_ARCH = YES;
				SDKROOT = iphoneos;
				SWIFT_ACTIVE_COMPILATION_CONDITIONS = DEBUG;
				SWIFT_OPTIMIZATION_LEVEL = "-Onone";
				TARGETED_DEVICE_FAMILY = "1,2";
			};
			name = Debug;
		};
		9BED6A4B1DC545430096354C /* Release */ = {
			isa = XCBuildConfiguration;
			buildSettings = {
				ALWAYS_SEARCH_USER_PATHS = NO;
				CLANG_ANALYZER_NONNULL = YES;
				CLANG_CXX_LANGUAGE_STANDARD = "gnu++0x";
				CLANG_CXX_LIBRARY = "libc++";
				CLANG_ENABLE_MODULES = YES;
				CLANG_ENABLE_OBJC_ARC = YES;
				CLANG_WARN_BOOL_CONVERSION = YES;
				CLANG_WARN_CONSTANT_CONVERSION = YES;
				CLANG_WARN_DIRECT_OBJC_ISA_USAGE = YES_ERROR;
				CLANG_WARN_DOCUMENTATION_COMMENTS = YES;
				CLANG_WARN_EMPTY_BODY = YES;
				CLANG_WARN_ENUM_CONVERSION = YES;
				CLANG_WARN_INFINITE_RECURSION = YES;
				CLANG_WARN_INT_CONVERSION = YES;
				CLANG_WARN_OBJC_ROOT_CLASS = YES_ERROR;
				CLANG_WARN_SUSPICIOUS_MOVES = YES;
				CLANG_WARN_UNREACHABLE_CODE = YES;
				CLANG_WARN__DUPLICATE_METHOD_MATCH = YES;
				"CODE_SIGN_IDENTITY[sdk=iphoneos*]" = "iPhone Developer";
				COPY_PHASE_STRIP = NO;
				DEBUG_INFORMATION_FORMAT = "dwarf-with-dsym";
				ENABLE_NS_ASSERTIONS = NO;
				ENABLE_STRICT_OBJC_MSGSEND = YES;
				GCC_C_LANGUAGE_STANDARD = gnu99;
				GCC_NO_COMMON_BLOCKS = YES;
				GCC_WARN_64_TO_32_BIT_CONVERSION = YES;
				GCC_WARN_ABOUT_RETURN_TYPE = YES_ERROR;
				GCC_WARN_UNDECLARED_SELECTOR = YES;
				GCC_WARN_UNINITIALIZED_AUTOS = YES_AGGRESSIVE;
				GCC_WARN_UNUSED_FUNCTION = YES;
				GCC_WARN_UNUSED_VARIABLE = YES;
				IPHONEOS_DEPLOYMENT_TARGET = 10.1;
				MTL_ENABLE_DEBUG_INFO = NO;
				SDKROOT = iphoneos;
				SWIFT_OPTIMIZATION_LEVEL = "-Owholemodule";
				TARGETED_DEVICE_FAMILY = "1,2";
				VALIDATE_PRODUCT = YES;
			};
			name = Release;
		};
		9BED6A4D1DC545430096354C /* Debug */ = {
			isa = XCBuildConfiguration;
			buildSettings = {
				ASSETCATALOG_COMPILER_APPICON_NAME = AppIcon;
				INFOPLIST_FILE = "Zappy Cards/Info.plist";
				LD_RUNPATH_SEARCH_PATHS = "$(inherited) @executable_path/Frameworks";
				PRODUCT_BUNDLE_IDENTIFIER = "com.rohit.gupta.Zappy-Cards";
				PRODUCT_NAME = "$(TARGET_NAME)";
				SWIFT_VERSION = 3.0;
			};
			name = Debug;
		};
		9BED6A4E1DC545430096354C /* Release */ = {
			isa = XCBuildConfiguration;
			buildSettings = {
				ASSETCATALOG_COMPILER_APPICON_NAME = AppIcon;
				INFOPLIST_FILE = "Zappy Cards/Info.plist";
				LD_RUNPATH_SEARCH_PATHS = "$(inherited) @executable_path/Frameworks";
				PRODUCT_BUNDLE_IDENTIFIER = "com.rohit.gupta.Zappy-Cards";
				PRODUCT_NAME = "$(TARGET_NAME)";
				SWIFT_VERSION = 3.0;
			};
			name = Release;
		};
/* End XCBuildConfiguration section */

/* Begin XCConfigurationList section */
		9BED6A351DC545430096354C /* Build configuration list for PBXProject "Zappy Cards" */ = {
			isa = XCConfigurationList;
			buildConfigurations = (
				9BED6A4A1DC545430096354C /* Debug */,
				9BED6A4B1DC545430096354C /* Release */,
			);
			defaultConfigurationIsVisible = 0;
			defaultConfigurationName = Release;
		};
		9BED6A4C1DC545430096354C /* Build configuration list for PBXNativeTarget "Zappy Cards" */ = {
			isa = XCConfigurationList;
			buildConfigurations = (
				9BED6A4D1DC545430096354C /* Debug */,
				9BED6A4E1DC545430096354C /* Release */,
			);
			defaultConfigurationIsVisible = 0;
			defaultConfigurationName = Release;
		};
/* End XCConfigurationList section */
	};
	rootObject = 9BED6A321DC545420096354C /* Project object */;
}
